
Microsoft Visual Studio Solution File, Format Version 12.00
# Visual Studio Version 16
VisualStudioVersion = 16.0.31515.178
MinimumVisualStudioVersion = 10.0.40219.1
Project("{FAE04EC0-301F-11D3-BF4B-00C04F79EFBC}") = "BDRetail.Web", "BDRetail.Web\BDRetail.Web.csproj", "{9E5F657E-D16E-45B5-B362-09B2B5DD92CE}"
EndProject
Project("{FAE04EC0-301F-11D3-BF4B-00C04F79EFBC}") = "BDRetail.Persistance", "BDRetail.Persistance\BDRetail.Persistance.csproj", "{137C1AE3-FFA1-43C5-B3A0-B15EE5D64B74}"
EndProject
Project("{FAE04EC0-301F-11D3-BF4B-00C04F79EFBC}") = "BDRetail.Services", "BDRetail.Services\BDRetail.Services.csproj", "{ECF46E06-0845-4C08-AC5C-BB725E60639A}"
EndProject
Global
	GlobalSection(SolutionConfigurationPlatforms) = preSolution
		Debug|Any CPU = Debug|Any CPU
		Release|Any CPU = Release|Any CPU
	EndGlobalSection
	GlobalSection(ProjectConfigurationPlatforms) = postSolution
		{9E5F657E-D16E-45B5-B362-09B2B5DD92CE}.Debug|Any CPU.ActiveCfg = Debug|Any CPU
		{9E5F657E-D16E-45B5-B362-09B2B5DD92CE}.Debug|Any CPU.Build.0 = Debug|Any CPU
		{9E5F657E-D16E-45B5-B362-09B2B5DD92CE}.Release|Any CPU.ActiveCfg = Release|Any CPU
		{9E5F657E-D16E-45B5-B362-09B2B5DD92CE}.Release|Any CPU.Build.0 = Release|Any CPU
		{137C1AE3-FFA1-43C5-B3A0-B15EE5D64B74}.Debug|Any CPU.ActiveCfg = Debug|Any CPU
		{137C1AE3-FFA1-43C5-B3A0-B15EE5D64B74}.Debug|Any CPU.Build.0 = Debug|Any CPU
		{137C1AE3-FFA1-43C5-B3A0-B15EE5D64B74}.Release|Any CPU.ActiveCfg = Release|Any CPU
		{137C1AE3-FFA1-43C5-B3A0-B15EE5D64B74}.Release|Any CPU.Build.0 = Release|Any CPU
		{ECF46E06-0845-4C08-AC5C-BB725E60639A}.Debug|Any CPU.ActiveCfg = Debug|Any CPU
		{ECF46E06-0845-4C08-AC5C-BB725E60639A}.Debug|Any CPU.Build.0 = Debug|Any CPU
		{ECF46E06-0845-4C08-AC5C-BB725E60639A}.Release|Any CPU.ActiveCfg = Release|Any CPU
		{ECF46E06-0845-4C08-AC5C-BB725E60639A}.Release|Any CPU.Build.0 = Release|Any CPU
	EndGlobalSection
	GlobalSection(SolutionProperties) = preSolution
		HideSolutionNode = FALSE
	EndGlobalSection
	GlobalSection(ExtensibilityGlobals) = postSolution
		SolutionGuid = {100F0FE3-4448-4C10-8D67-C484AD996AA4}
	EndGlobalSection
EndGlobal
